PODS:
  - Flutter (1.0.0)
  - open_file_manager (0.0.1):
    - Flutter

DEPENDENCIES:
  - Flutter (from `Flutter`)
  - open_file_manager (from `.symlinks/plugins/open_file_manager/ios`)

EXTERNAL SOURCES:
  Flutter:
    :path: Flutter
  open_file_manager:
    :path: ".symlinks/plugins/open_file_manager/ios"

SPEC CHECKSUMS:
  Flutter: e0871f40cf51350855a761d2e70bf5af5b9b5de7
  open_file_manager: cdc5849f062aa70cad3da24a0dde74955d78c1ec

PODFILE CHECKSUM: c4c93c5f6502fe2754f48404d3594bf779584011

COCOAPODS: 1.15.2
